
Microsoft Visual Studio Solution File, Format Version 12.00
# Visual Studio Version 17
VisualStudioVersion = 17.2.32519.379
MinimumVisualStudioVersion = 10.0.40219.1
Project("{9A19103F-16F7-4668-BE54-9A1E7A4F7556}") = "Tempus.Common", "Tempus.Common\Tempus.Common.csproj", "{9860D29C-AA0C-452C-87EF-7E683357C523}"
EndProject
Project("{9A19103F-16F7-4668-BE54-9A1E7A4F7556}") = "Tempus.Customers", "Tempus.Customers\Tempus.Customers.csproj", "{3D7D6341-014D-43CC-8940-3F22E59FBD95}"
EndProject
Project("{9A19103F-16F7-4668-BE54-9A1E7A4F7556}") = "Tempus.Emails", "Tempus.Emails\Tempus.Emails.csproj", "{DDE71DE0-9398-4D5B-9F00-AD803091A490}"
EndProject
Project("{9A19103F-16F7-4668-BE54-9A1E7A4F7556}") = "Tempus.Invoices", "Tempus.Invoices\Tempus.Invoices.csproj", "{95A925CD-5C2A-4FDF-AF22-E472B17110AB}"
EndProject
Project("{9A19103F-16F7-4668-BE54-9A1E7A4F7556}") = "Tempus.Payments", "Tempus.Payments\Tempus.Payments.csproj", "{1BF82E84-0C10-46FE-8831-96F53E8C51F5}"
EndProject
Project("{9A19103F-16F7-4668-BE54-9A1E7A4F7556}") = "Tempus.TimeBilling", "Tempus.TimeBilling\Tempus.TimeBilling.csproj", "{131D2502-AFEB-48B4-8496-174B431BBB87}"
EndProject
Project("{9A19103F-16F7-4668-BE54-9A1E7A4F7556}") = "Tempus.Workers", "Tempus.Workers\Tempus.Workers.csproj", "{C506A2E8-B0BD-41D7-9A49-2FDE17047507}"
EndProject
Project("{9A19103F-16F7-4668-BE54-9A1E7A4F7556}") = "Tempus.WorkTypes", "Tempus.WorkTypes\Tempus.WorkTypes.csproj", "{09709EB8-1679-46B2-98FA-17F166E598DF}"
EndProject
Project("{9A19103F-16F7-4668-BE54-9A1E7A4F7556}") = "Tempus.Proxy", "Tempus.Proxy\Tempus.Proxy.csproj", "{F8CCB0F3-2688-41D7-B5A9-223657C26F68}"
EndProject
Project("{2150E333-8FDC-42A3-9474-1A3956D46DE8}") = "Solution Items", "Solution Items", "{9845221D-73E6-46B1-92C0-A026C95B1792}"
	ProjectSection(SolutionItems) = preProject
		.editorconfig = .editorconfig
		..\.github\workflows\dotnet.yml = ..\.github\workflows\dotnet.yml
		global.json = global.json
	EndProjectSection
EndProject
Project("{2150E333-8FDC-42A3-9474-1A3956D46DE8}") = "Tests", "Tests", "{2B806C78-0D6A-4BC2-BD33-11C234AA2344}"
EndProject
Project("{2150E333-8FDC-42A3-9474-1A3956D46DE8}") = "Apis", "Apis", "{47C27BE8-F58C-4717-A613-0010590A220B}"
EndProject
Project("{9A19103F-16F7-4668-BE54-9A1E7A4F7556}") = "Tempus.Customers.Tests", "tests\Tempus.Customers.Tests\Tempus.Customers.Tests.csproj", "{94D80B5B-E48F-4BCD-A7F1-FE2E885FD12B}"
EndProject
Project("{9A19103F-16F7-4668-BE54-9A1E7A4F7556}") = "Tempus.TimeBilling.Tests", "tests\Tempus.TimeBilling.Tests\Tempus.TimeBilling.Tests.csproj", "{B4347D03-4FD8-4E0A-B645-4E86D1C40AD2}"
EndProject
Project("{9A19103F-16F7-4668-BE54-9A1E7A4F7556}") = "Tempus.Workers.Tests", "tests\Tempus.Workers.Tests\Tempus.Workers.Tests.csproj", "{D272CF3B-3B5D-40CB-BA58-E93BBC0ED505}"
EndProject
Project("{9A19103F-16F7-4668-BE54-9A1E7A4F7556}") = "Tempus.WorkTypes.Tests", "tests\Tempus.WorkTypes.Tests\Tempus.WorkTypes.Tests.csproj", "{A4D81AE1-E479-48BE-861B-867349D1E610}"
EndProject
Global
	GlobalSection(SolutionConfigurationPlatforms) = preSolution
		Debug|Any CPU = Debug|Any CPU
		Release|Any CPU = Release|Any CPU
	EndGlobalSection
	GlobalSection(ProjectConfigurationPlatforms) = postSolution
		{9860D29C-AA0C-452C-87EF-7E683357C523}.Debug|Any CPU.ActiveCfg = Debug|Any CPU
		{9860D29C-AA0C-452C-87EF-7E683357C523}.Debug|Any CPU.Build.0 = Debug|Any CPU
		{9860D29C-AA0C-452C-87EF-7E683357C523}.Release|Any CPU.ActiveCfg = Release|Any CPU
		{9860D29C-AA0C-452C-87EF-7E683357C523}.Release|Any CPU.Build.0 = Release|Any CPU
		{3D7D6341-014D-43CC-8940-3F22E59FBD95}.Debug|Any CPU.ActiveCfg = Debug|Any CPU
		{3D7D6341-014D-43CC-8940-3F22E59FBD95}.Debug|Any CPU.Build.0 = Debug|Any CPU
		{3D7D6341-014D-43CC-8940-3F22E59FBD95}.Release|Any CPU.ActiveCfg = Release|Any CPU
		{3D7D6341-014D-43CC-8940-3F22E59FBD95}.Release|Any CPU.Build.0 = Release|Any CPU
		{DDE71DE0-9398-4D5B-9F00-AD803091A490}.Debug|Any CPU.ActiveCfg = Debug|Any CPU
		{DDE71DE0-9398-4D5B-9F00-AD803091A490}.Debug|Any CPU.Build.0 = Debug|Any CPU
		{DDE71DE0-9398-4D5B-9F00-AD803091A490}.Release|Any CPU.ActiveCfg = Release|Any CPU
		{DDE71DE0-9398-4D5B-9F00-AD803091A490}.Release|Any CPU.Build.0 = Release|Any CPU
		{95A925CD-5C2A-4FDF-AF22-E472B17110AB}.Debug|Any CPU.ActiveCfg = Debug|Any CPU
		{95A925CD-5C2A-4FDF-AF22-E472B17110AB}.Debug|Any CPU.Build.0 = Debug|Any CPU
		{95A925CD-5C2A-4FDF-AF22-E472B17110AB}.Release|Any CPU.ActiveCfg = Release|Any CPU
		{95A925CD-5C2A-4FDF-AF22-E472B17110AB}.Release|Any CPU.Build.0 = Release|Any CPU
		{1BF82E84-0C10-46FE-8831-96F53E8C51F5}.Debug|Any CPU.ActiveCfg = Debug|Any CPU
		{1BF82E84-0C10-46FE-8831-96F53E8C51F5}.Debug|Any CPU.Build.0 = Debug|Any CPU
		{1BF82E84-0C10-46FE-8831-96F53E8C51F5}.Release|Any CPU.ActiveCfg = Release|Any CPU
		{1BF82E84-0C10-46FE-8831-96F53E8C51F5}.Release|Any CPU.Build.0 = Release|Any CPU
		{131D2502-AFEB-48B4-8496-174B431BBB87}.Debug|Any CPU.ActiveCfg = Debug|Any CPU
		{131D2502-AFEB-48B4-8496-174B431BBB87}.Debug|Any CPU.Build.0 = Debug|Any CPU
		{131D2502-AFEB-48B4-8496-174B431BBB87}.Release|Any CPU.ActiveCfg = Release|Any CPU
		{131D2502-AFEB-48B4-8496-174B431BBB87}.Release|Any CPU.Build.0 = Release|Any CPU
		{C506A2E8-B0BD-41D7-9A49-2FDE17047507}.Debug|Any CPU.ActiveCfg = Debug|Any CPU
		{C506A2E8-B0BD-41D7-9A49-2FDE17047507}.Debug|Any CPU.Build.0 = Debug|Any CPU
		{C506A2E8-B0BD-41D7-9A49-2FDE17047507}.Release|Any CPU.ActiveCfg = Release|Any CPU
		{C506A2E8-B0BD-41D7-9A49-2FDE17047507}.Release|Any CPU.Build.0 = Release|Any CPU
		{09709EB8-1679-46B2-98FA-17F166E598DF}.Debug|Any CPU.ActiveCfg = Debug|Any CPU
		{09709EB8-1679-46B2-98FA-17F166E598DF}.Debug|Any CPU.Build.0 = Debug|Any CPU
		{09709EB8-1679-46B2-98FA-17F166E598DF}.Release|Any CPU.ActiveCfg = Release|Any CPU
		{09709EB8-1679-46B2-98FA-17F166E598DF}.Release|Any CPU.Build.0 = Release|Any CPU
		{F8CCB0F3-2688-41D7-B5A9-223657C26F68}.Debug|Any CPU.ActiveCfg = Debug|Any CPU
		{F8CCB0F3-2688-41D7-B5A9-223657C26F68}.Debug|Any CPU.Build.0 = Debug|Any CPU
		{F8CCB0F3-2688-41D7-B5A9-223657C26F68}.Release|Any CPU.ActiveCfg = Release|Any CPU
		{F8CCB0F3-2688-41D7-B5A9-223657C26F68}.Release|Any CPU.Build.0 = Release|Any CPU
		{94D80B5B-E48F-4BCD-A7F1-FE2E885FD12B}.Debug|Any CPU.ActiveCfg = Debug|Any CPU
		{94D80B5B-E48F-4BCD-A7F1-FE2E885FD12B}.Debug|Any CPU.Build.0 = Debug|Any CPU
		{94D80B5B-E48F-4BCD-A7F1-FE2E885FD12B}.Release|Any CPU.ActiveCfg = Release|Any CPU
		{94D80B5B-E48F-4BCD-A7F1-FE2E885FD12B}.Release|Any CPU.Build.0 = Release|Any CPU
		{B4347D03-4FD8-4E0A-B645-4E86D1C40AD2}.Debug|Any CPU.ActiveCfg = Debug|Any CPU
		{B4347D03-4FD8-4E0A-B645-4E86D1C40AD2}.Debug|Any CPU.Build.0 = Debug|Any CPU
		{B4347D03-4FD8-4E0A-B645-4E86D1C40AD2}.Release|Any CPU.ActiveCfg = Release|Any CPU
		{B4347D03-4FD8-4E0A-B645-4E86D1C40AD2}.Release|Any CPU.Build.0 = Release|Any CPU
		{D272CF3B-3B5D-40CB-BA58-E93BBC0ED505}.Debug|Any CPU.ActiveCfg = Debug|Any CPU
		{D272CF3B-3B5D-40CB-BA58-E93BBC0ED505}.Debug|Any CPU.Build.0 = Debug|Any CPU
		{D272CF3B-3B5D-40CB-BA58-E93BBC0ED505}.Release|Any CPU.ActiveCfg = Release|Any CPU
		{D272CF3B-3B5D-40CB-BA58-E93BBC0ED505}.Release|Any CPU.Build.0 = Release|Any CPU
		{A4D81AE1-E479-48BE-861B-867349D1E610}.Debug|Any CPU.ActiveCfg = Debug|Any CPU
		{A4D81AE1-E479-48BE-861B-867349D1E610}.Debug|Any CPU.Build.0 = Debug|Any CPU
		{A4D81AE1-E479-48BE-861B-867349D1E610}.Release|Any CPU.ActiveCfg = Release|Any CPU
		{A4D81AE1-E479-48BE-861B-867349D1E610}.Release|Any CPU.Build.0 = Release|Any CPU
	EndGlobalSection
	GlobalSection(SolutionProperties) = preSolution
		HideSolutionNode = FALSE
	EndGlobalSection
	GlobalSection(NestedProjects) = preSolution
		{3D7D6341-014D-43CC-8940-3F22E59FBD95} = {47C27BE8-F58C-4717-A613-0010590A220B}
		{DDE71DE0-9398-4D5B-9F00-AD803091A490} = {47C27BE8-F58C-4717-A613-0010590A220B}
		{95A925CD-5C2A-4FDF-AF22-E472B17110AB} = {47C27BE8-F58C-4717-A613-0010590A220B}
		{1BF82E84-0C10-46FE-8831-96F53E8C51F5} = {47C27BE8-F58C-4717-A613-0010590A220B}
		{131D2502-AFEB-48B4-8496-174B431BBB87} = {47C27BE8-F58C-4717-A613-0010590A220B}
		{C506A2E8-B0BD-41D7-9A49-2FDE17047507} = {47C27BE8-F58C-4717-A613-0010590A220B}
		{09709EB8-1679-46B2-98FA-17F166E598DF} = {47C27BE8-F58C-4717-A613-0010590A220B}
		{94D80B5B-E48F-4BCD-A7F1-FE2E885FD12B} = {2B806C78-0D6A-4BC2-BD33-11C234AA2344}
		{B4347D03-4FD8-4E0A-B645-4E86D1C40AD2} = {2B806C78-0D6A-4BC2-BD33-11C234AA2344}
		{D272CF3B-3B5D-40CB-BA58-E93BBC0ED505} = {2B806C78-0D6A-4BC2-BD33-11C234AA2344}
		{A4D81AE1-E479-48BE-861B-867349D1E610} = {2B806C78-0D6A-4BC2-BD33-11C234AA2344}
	EndGlobalSection
	GlobalSection(ExtensibilityGlobals) = postSolution
		SolutionGuid = {F3CA8C0A-509F-4D32-A1C5-33BE79C59EB1}
	EndGlobalSection
EndGlobal
